
Microsoft Visual Studio Solution File, Format Version 12.00
Project("{FAE04EC0-301F-11D3-BF4B-00C04F79EFBC}") = "ComboBoxFlutterIssue", "ComboBoxFlutterIssue\ComboBoxFlutterIssue.csproj", "{68E74A3C-53AA-4D32-97C6-6910F752ADB7}"
EndProject
Global
	GlobalSection(SolutionConfigurationPlatforms) = preSolution
		Debug|Any CPU = Debug|Any CPU
		Release|Any CPU = Release|Any CPU
	EndGlobalSection
	GlobalSection(ProjectConfigurationPlatforms) = postSolution
		{68E74A3C-53AA-4D32-97C6-6910F752ADB7}.Debug|Any CPU.ActiveCfg = Debug|Any CPU
		{68E74A3C-53AA-4D32-97C6-6910F752ADB7}.Debug|Any CPU.Build.0 = Debug|Any CPU
		{68E74A3C-53AA-4D32-97C6-6910F752ADB7}.Release|Any CPU.ActiveCfg = Release|Any CPU
		{68E74A3C-53AA-4D32-97C6-6910F752ADB7}.Release|Any CPU.Build.0 = Release|Any CPU
	EndGlobalSection
EndGlobal
